{
  "name": "blade-language",
  "version": "0.1.0",
  "lockfileVersion": 3,
  "requires": true,
  "packages": {
    "": {
      "name": "blade-language",
      "version": "0.1.0",
      "license": "UNLICENSED",
      "dependencies": {
        "@blade-lang/ide-protocol": "file:vendor/blade-lang-ide-protocol-0.20.0.tgz"
      },
      "engines": {
        "vscode": "^1.75.0"
      }
    },
    "node_modules/@blade-lang/ide-protocol": {
      "version": "0.20.0",
      "resolved": "file:vendor/blade-lang-ide-protocol-0.20.0.tgz",
      "integrity": "sha512-wTpHOxetfMHZgAiNjTS48I43Ajs3ph0dCgtAHnVZtAez1T1TowWON1k5hTc9rwyHw9xTNzqwVEwi55i9Oh6N1g==",
      "license": "LGPL-3.0-only",
      "engines": {
        "node": ">=16"
      }
    }
  }
}
